// !$*UTF8*$!
{
	archiveVersion = 1;
	classes = {
	};
	objectVersion = 55;
	objects = {

/* Begin PBXBuildFile section */
		412B3B7928B3F4F700D6CFC7 /* DetailView.swift in Sources */ = {isa = PBXBuildFile; fileRef = 412B3B7828B3F4F700D6CFC7 /* DetailView.swift */; };
		412B3B7B28B412C900D6CFC7 /* DetailEditView.swift in Sources */ = {isa = PBXBuildFile; fileRef = 412B3B7A28B412C900D6CFC7 /* DetailEditView.swift */; };
		412B3B7D28B5333100D6CFC7 /* ThemeView.swift in Sources */ = {isa = PBXBuildFile; fileRef = 412B3B7C28B5333000D6CFC7 /* ThemeView.swift */; };
		412B3B7F28B5420400D6CFC7 /* ThemePicker.swift in Sources */ = {isa = PBXBuildFile; fileRef = 412B3B7E28B5420400D6CFC7 /* ThemePicker.swift */; };
		416E7AC728AC62BE009C4CA1 /* ScrumdingerApp.swift in Sources */ = {isa = PBXBuildFile; fileRef = 416E7AC628AC62BE009C4CA1 /* ScrumdingerApp.swift */; };
		416E7AC928AC62BE009C4CA1 /* MeetingView.swift in Sources */ = {isa = PBXBuildFile; fileRef = 416E7AC828AC62BE009C4CA1 /* MeetingView.swift */; };
		416E7ACB28AC62C4009C4CA1 /* Assets.xcassets in Resources */ = {isa = PBXBuildFile; fileRef = 416E7ACA28AC62C4009C4CA1 /* Assets.xcassets */; };
		416E7ACE28AC62C4009C4CA1 /* Preview Assets.xcassets in Resources */ = {isa = PBXBuildFile; fileRef = 416E7ACD28AC62C4009C4CA1 /* Preview Assets.xcassets */; };
		41ADE1EC28AD696C00F2B646 /* Theme.swift in Sources */ = {isa = PBXBuildFile; fileRef = 41ADE1EB28AD696C00F2B646 /* Theme.swift */; };
		41ADE1EE28AD6C9200F2B646 /* DailyScrum.swift in Sources */ = {isa = PBXBuildFile; fileRef = 41ADE1ED28AD6C9200F2B646 /* DailyScrum.swift */; };
		41ADE1F028AD6DD600F2B646 /* CardView.swift in Sources */ = {isa = PBXBuildFile; fileRef = 41ADE1EF28AD6DD600F2B646 /* CardView.swift */; };
		41ADE1F228AD703500F2B646 /* TrailingIconLabelStyle.swift in Sources */ = {isa = PBXBuildFile; fileRef = 41ADE1F128AD703500F2B646 /* TrailingIconLabelStyle.swift */; };
		41ADE1F628ADDCDD00F2B646 /* ScrumsView.swift in Sources */ = {isa = PBXBuildFile; fileRef = 41ADE1F528ADDCDD00F2B646 /* ScrumsView.swift */; };
/* End PBXBuildFile section */

/* Begin PBXFileReference section */
		412B3B7828B3F4F700D6CFC7 /* DetailView.swift */ = {isa = PBXFileReference; lastKnownFileType = sourcecode.swift; path = DetailView.swift; sourceTree = "<group>"; };
		412B3B7A28B412C900D6CFC7 /* DetailEditView.swift */ = {isa = PBXFileReference; lastKnownFileType = sourcecode.swift; path = DetailEditView.swift; sourceTree = "<group>"; };
		412B3B7C28B5333000D6CFC7 /* ThemeView.swift */ = {isa = PBXFileReference; lastKnownFileType = sourcecode.swift; path = ThemeView.swift; sourceTree = "<group>"; };
		412B3B7E28B5420400D6CFC7 /* ThemePicker.swift */ = {isa = PBXFileReference; lastKnownFileType = sourcecode.swift; path = ThemePicker.swift; sourceTree = "<group>"; };
		416E7AC328AC62BE009C4CA1 /* Scrumdinger.app */ = {isa = PBXFileReference; explicitFileType = wrapper.application; includeInIndex = 0; path = Scrumdinger.app; sourceTree = BUILT_PRODUCTS_DIR; };
		416E7AC628AC62BE009C4CA1 /* ScrumdingerApp.swift */ = {isa = PBXFileReference; lastKnownFileType = sourcecode.swift; path = ScrumdingerApp.swift; sourceTree = "<group>"; };
		416E7AC828AC62BE009C4CA1 /* MeetingView.swift */ = {isa = PBXFileReference; lastKnownFileType = sourcecode.swift; path = MeetingView.swift; sourceTree = "<group>"; };
		416E7ACA28AC62C4009C4CA1 /* Assets.xcassets */ = {isa = PBXFileReference; lastKnownFileType = folder.assetcatalog; path = Assets.xcassets; sourceTree = "<group>"; };
		416E7ACD28AC62C4009C4CA1 /* Preview Assets.xcassets */ = {isa = PBXFileReference; lastKnownFileType = folder.assetcatalog; path = "Preview Assets.xcassets"; sourceTree = "<group>"; };
		41ADE1EB28AD696C00F2B646 /* Theme.swift */ = {isa = PBXFileReference; lastKnownFileType = sourcecode.swift; path = Theme.swift; sourceTree = "<group>"; };
		41ADE1ED28AD6C9200F2B646 /* DailyScrum.swift */ = {isa = PBXFileReference; lastKnownFileType = sourcecode.swift; path = DailyScrum.swift; sourceTree = "<group>"; };
		41ADE1EF28AD6DD600F2B646 /* CardView.swift */ = {isa = PBXFileReference; lastKnownFileType = sourcecode.swift; path = CardView.swift; sourceTree = "<group>"; };
		41ADE1F128AD703500F2B646 /* TrailingIconLabelStyle.swift */ = {isa = PBXFileReference; lastKnownFileType = sourcecode.swift; path = TrailingIconLabelStyle.swift; sourceTree = "<group>"; };
		41ADE1F528ADDCDD00F2B646 /* ScrumsView.swift */ = {isa = PBXFileReference; lastKnownFileType = sourcecode.swift; path = ScrumsView.swift; sourceTree = "<group>"; };
/* End PBXFileReference section */

/* Begin PBXFrameworksBuildPhase section */
		416E7AC028AC62BE009C4CA1 /* Frameworks */ = {
			isa = PBXFrameworksBuildPhase;
			buildActionMask = 2147483647;
			files = (
			);
			runOnlyForDeploymentPostprocessing = 0;
		};
/* End PBXFrameworksBuildPhase section */

/* Begin PBXGroup section */
		416E7ABA28AC62BE009C4CA1 = {
			isa = PBXGroup;
			children = (
				416E7AC528AC62BE009C4CA1 /* Scrumdinger */,
				416E7AC428AC62BE009C4CA1 /* Products */,
			);
			sourceTree = "<group>";
		};
		416E7AC428AC62BE009C4CA1 /* Products */ = {
			isa = PBXGroup;
			children = (
				416E7AC328AC62BE009C4CA1 /* Scrumdinger.app */,
			);
			name = Products;
			sourceTree = "<group>";
		};
		416E7AC528AC62BE009C4CA1 /* Scrumdinger */ = {
			isa = PBXGroup;
			children = (
				41ADE1EA28AD695200F2B646 /* Models */,
				416E7AC628AC62BE009C4CA1 /* ScrumdingerApp.swift */,
				41ADE1EF28AD6DD600F2B646 /* CardView.swift */,
				41ADE1F128AD703500F2B646 /* TrailingIconLabelStyle.swift */,
				412B3B7A28B412C900D6CFC7 /* DetailEditView.swift */,
				41ADE1F528ADDCDD00F2B646 /* ScrumsView.swift */,
				416E7AC828AC62BE009C4CA1 /* MeetingView.swift */,
				412B3B7828B3F4F700D6CFC7 /* DetailView.swift */,
				412B3B7E28B5420400D6CFC7 /* ThemePicker.swift */,
				412B3B7C28B5333000D6CFC7 /* ThemeView.swift */,
				416E7ACA28AC62C4009C4CA1 /* Assets.xcassets */,
				416E7ACC28AC62C4009C4CA1 /* Preview Content */,
			);
			path = Scrumdinger;
			sourceTree = "<group>";
		};
		416E7ACC28AC62C4009C4CA1 /* Preview Content */ = {
			isa = PBXGroup;
			children = (
				416E7ACD28AC62C4009C4CA1 /* Preview Assets.xcassets */,
			);
			path = "Preview Content";
			sourceTree = "<group>";
		};
		41ADE1EA28AD695200F2B646 /* Models */ = {
			isa = PBXGroup;
			children = (
				41ADE1EB28AD696C00F2B646 /* Theme.swift */,
				41ADE1ED28AD6C9200F2B646 /* DailyScrum.swift */,
			);
			path = Models;
			sourceTree = "<group>";
		};
/* End PBXGroup section */

/* Begin PBXNativeTarget section */
		416E7AC228AC62BE009C4CA1 /* Scrumdinger */ = {
			isa = PBXNativeTarget;
			buildConfigurationList = 416E7AD128AC62C4009C4CA1 /* Build configuration list for PBXNativeTarget "Scrumdinger" */;
			buildPhases = (
				416E7ABF28AC62BE009C4CA1 /* Sources */,
				416E7AC028AC62BE009C4CA1 /* Frameworks */,
				416E7AC128AC62BE009C4CA1 /* Resources */,
			);
			buildRules = (
			);
			dependencies = (
			);
			name = Scrumdinger;
			productName = Scrumdinger;
			productReference = 416E7AC328AC62BE009C4CA1 /* Scrumdinger.app */;
			productType = "com.apple.product-type.application";
		};
/* End PBXNativeTarget section */

/* Begin PBXProject section */
		416E7ABB28AC62BE009C4CA1 /* Project object */ = {
			isa = PBXProject;
			attributes = {
				BuildIndependentTargetsInParallel = 1;
				LastSwiftUpdateCheck = 1340;
				LastUpgradeCheck = 1340;
				TargetAttributes = {
					416E7AC228AC62BE009C4CA1 = {
						CreatedOnToolsVersion = 13.4.1;
					};
				};
			};
			buildConfigurationList = 416E7ABE28AC62BE009C4CA1 /* Build configuration list for PBXProject "Scrumdinger" */;
			compatibilityVersion = "Xcode 13.0";
			developmentRegion = en;
			hasScannedForEncodings = 0;
			knownRegions = (
				en,
				Base,
			);
			mainGroup = 416E7ABA28AC62BE009C4CA1;
			productRefGroup = 416E7AC428AC62BE009C4CA1 /* Products */;
			projectDirPath = "";
			projectRoot = "";
			targets = (
				416E7AC228AC62BE009C4CA1 /* Scrumdinger */,
			);
		};
/* End PBXProject section */

/* Begin PBXResourcesBuildPhase section */
		416E7AC128AC62BE009C4CA1 /* Resources */ = {
			isa = PBXResourcesBuildPhase;
			buildActionMask = 2147483647;
			files = (
				416E7ACE28AC62C4009C4CA1 /* Preview Assets.xcassets in Resources */,
				416E7ACB28AC62C4009C4CA1 /* Assets.xcassets in Resources */,
			);
			runOnlyForDeploymentPostprocessing = 0;
		};
/* End PBXResourcesBuildPhase section */

/* Begin PBXSourcesBuildPhase section */
		416E7ABF28AC62BE009C4CA1 /* Sources */ = {
			isa = PBXSourcesBuildPhase;
			buildActionMask = 2147483647;
			files = (
				412B3B7F28B5420400D6CFC7 /* ThemePicker.swift in Sources */,
				41ADE1EE28AD6C9200F2B646 /* DailyScrum.swift in Sources */,
				412B3B7928B3F4F700D6CFC7 /* DetailView.swift in Sources */,
				412B3B7B28B412C900D6CFC7 /* DetailEditView.swift in Sources */,
				41ADE1F228AD703500F2B646 /* TrailingIconLabelStyle.swift in Sources */,
				41ADE1EC28AD696C00F2B646 /* Theme.swift in Sources */,
				41ADE1F628ADDCDD00F2B646 /* ScrumsView.swift in Sources */,
				416E7AC928AC62BE009C4CA1 /* MeetingView.swift in Sources */,
				416E7AC728AC62BE009C4CA1 /* ScrumdingerApp.swift in Sources */,
				412B3B7D28B5333100D6CFC7 /* ThemeView.swift in Sources */,
				41ADE1F028AD6DD600F2B646 /* CardView.swift in Sources */,
			);
			runOnlyForDeploymentPostprocessing = 0;
		};
/* End PBXSourcesBuildPhase section */

/* Begin XCBuildConfiguration section */
		416E7ACF28AC62C4009C4CA1 /* Debug */ = {
			isa = XCBuildConfiguration;
			buildSettings = {
				ALWAYS_SEARCH_USER_PATHS = NO;
				CLANG_ANALYZER_NONNULL = YES;
				CLANG_ANALYZER_NUMBER_OBJECT_CONVERSION = YES_AGGRESSIVE;
				CLANG_CXX_LANGUAGE_STANDARD = "gnu++17";
				CLANG_ENABLE_MODULES = YES;
				CLANG_ENABLE_OBJC_ARC = YES;
				CLANG_ENABLE_OBJC_WEAK = YES;
				CLANG_WARN_BLOCK_CAPTURE_AUTORELEASING = YES;
				CLANG_WARN_BOOL_CONVERSION = YES;
				CLANG_WARN_COMMA = YES;
				CLANG_WARN_CONSTANT_CONVERSION = YES;
				CLANG_WARN_DEPRECATED_OBJC_IMPLEMENTATIONS = YES;
				CLANG_WARN_DIRECT_OBJC_ISA_USAGE = YES_ERROR;
				CLANG_WARN_DOCUMENTATION_COMMENTS = YES;
				CLANG_WARN_EMPTY_BODY = YES;
				CLANG_WARN_ENUM_CONVERSION = YES;
				CLANG_WARN_INFINITE_RECURSION = YES;
				CLANG_WARN_INT_CONVERSION = YES;
				CLANG_WARN_NON_LITERAL_NULL_CONVERSION = YES;
				CLANG_WARN_OBJC_IMPLICIT_RETAIN_SELF = YES;
				CLANG_WARN_OBJC_LITERAL_CONVERSION = YES;
				CLANG_WARN_OBJC_ROOT_CLASS = YES_ERROR;
				CLANG_WARN_QUOTED_INCLUDE_IN_FRAMEWORK_HEADER = YES;
				CLANG_WARN_RANGE_LOOP_ANALYSIS = YES;
				CLANG_WARN_STRICT_PROTOTYPES = YES;
				CLANG_WARN_SUSPICIOUS_MOVE = YES;
				CLANG_WARN_UNGUARDED_AVAILABILITY = YES_AGGRESSIVE;
				CLANG_WARN_UNREACHABLE_CODE = YES;
				CLANG_WARN__DUPLICATE_METHOD_MATCH = YES;
				COPY_PHASE_STRIP = NO;
				DEBUG_INFORMATION_FORMAT = dwarf;
				ENABLE_STRICT_OBJC_MSGSEND = YES;
				ENABLE_TESTABILITY = YES;
				GCC_C_LANGUAGE_STANDARD = gnu11;
				GCC_DYNAMIC_NO_PIC = NO;
				GCC_NO_COMMON_BLOCKS = YES;
				GCC_OPTIMIZATION_LEVEL = 0;
				GCC_PREPROCESSOR_DEFINITIONS = (
					"DEBUG=1",
					"$(inherited)",
				);
				GCC_WARN_64_TO_32_BIT_CONVERSION = YES;
				GCC_WARN_ABOUT_RETURN_TYPE = YES_ERROR;
				GCC_WARN_UNDECLARED_SELECTOR = YES;
				GCC_WARN_UNINITIALIZED_AUTOS = YES_AGGRESSIVE;
				GCC_WARN_UNUSED_FUNCTION = YES;
				GCC_WARN_UNUSED_VARIABLE = YES;
				IPHONEOS_DEPLOYMENT_TARGET = 15.5;
				MTL_ENABLE_DEBUG_INFO = INCLUDE_SOURCE;
				MTL_FAST_MATH = YES;
				ONLY_ACTIVE_ARCH = YES;
				SDKROOT = iphoneos;
				SWIFT_ACTIVE_COMPILATION_CONDITIONS = DEBUG;
				SWIFT_OPTIMIZATION_LEVEL = "-Onone";
			};
			name = Debug;
		};
		416E7AD028AC62C4009C4CA1 /* Release */ = {
			isa = XCBuildConfiguration;
			buildSettings = {
				ALWAYS_SEARCH_USER_PATHS = NO;
				CLANG_ANALYZER_NONNULL = YES;
				CLANG_ANALYZER_NUMBER_OBJECT_CONVERSION = YES_AGGRESSIVE;
				CLANG_CXX_LANGUAGE_STANDARD = "gnu++17";
				CLANG_ENABLE_MODULES = YES;
				CLANG_ENABLE_OBJC_ARC = YES;
				CLANG_ENABLE_OBJC_WEAK = YES;
				CLANG_WARN_BLOCK_CAPTURE_AUTORELEASING = YES;
				CLANG_WARN_BOOL_CONVERSION = YES;
				CLANG_WARN_COMMA = YES;
				CLANG_WARN_CONSTANT_CONVERSION = YES;
				CLANG_WARN_DEPRECATED_OBJC_IMPLEMENTATIONS = YES;
				CLANG_WARN_DIRECT_OBJC_ISA_USAGE = YES_ERROR;
				CLANG_WARN_DOCUMENTATION_COMMENTS = YES;
				CLANG_WARN_EMPTY_BODY = YES;
				CLANG_WARN_ENUM_CONVERSION = YES;
				CLANG_WARN_INFINITE_RECURSION = YES;
				CLANG_WARN_INT_CONVERSION = YES;
				CLANG_WARN_NON_LITERAL_NULL_CONVERSION = YES;
				CLANG_WARN_OBJC_IMPLICIT_RETAIN_SELF = YES;
				CLANG_WARN_OBJC_LITERAL_CONVERSION = YES;
				CLANG_WARN_OBJC_ROOT_CLASS = YES_ERROR;
				CLANG_WARN_QUOTED_INCLUDE_IN_FRAMEWORK_HEADER = YES;
				CLANG_WARN_RANGE_LOOP_ANALYSIS = YES;
				CLANG_WARN_STRICT_PROTOTYPES = YES;
				CLANG_WARN_SUSPICIOUS_MOVE = YES;
				CLANG_WARN_UNGUARDED_AVAILABILITY = YES_AGGRESSIVE;
				CLANG_WARN_UNREACHABLE_CODE = YES;
				CLANG_WARN__DUPLICATE_METHOD_MATCH = YES;
				COPY_PHASE_STRIP = NO;
				DEBUG_INFORMATION_FORMAT = "dwarf-with-dsym";
				ENABLE_NS_ASSERTIONS = NO;
				ENABLE_STRICT_OBJC_MSGSEND = YES;
				GCC_C_LANGUAGE_STANDARD = gnu11;
				GCC_NO_COMMON_BLOCKS = YES;
				GCC_WARN_64_TO_32_BIT_CONVERSION = YES;
				GCC_WARN_ABOUT_RETURN_TYPE = YES_ERROR;
				GCC_WARN_UNDECLARED_SELECTOR = YES;
				GCC_WARN_UNINITIALIZED_AUTOS = YES_AGGRESSIVE;
				GCC_WARN_UNUSED_FUNCTION = YES;
				GCC_WARN_UNUSED_VARIABLE = YES;
				IPHONEOS_DEPLOYMENT_TARGET = 15.5;
				MTL_ENABLE_DEBUG_INFO = NO;
				MTL_FAST_MATH = YES;
				SDKROOT = iphoneos;
				SWIFT_COMPILATION_MODE = wholemodule;
				SWIFT_OPTIMIZATION_LEVEL = "-O";
				VALIDATE_PRODUCT = YES;
			};
			name = Release;
		};
		416E7AD228AC62C4009C4CA1 /* Debug */ = {
			isa = XCBuildConfiguration;
			buildSettings = {
				ASSETCATALOG_COMPILER_APPICON_NAME = AppIcon;
				ASSETCATALOG_COMPILER_GLOBAL_ACCENT_COLOR_NAME = AccentColor;
				CODE_SIGN_STYLE = Automatic;
				CURRENT_PROJECT_VERSION = 1;
				DEVELOPMENT_ASSET_PATHS = "\"Scrumdinger/Preview Content\"";
				ENABLE_PREVIEWS = YES;
				GENERATE_INFOPLIST_FILE = YES;
				INFOPLIST_KEY_UIApplicationSceneManifest_Generation = YES;
				INFOPLIST_KEY_UIApplicationSupportsIndirectInputEvents = YES;
				INFOPLIST_KEY_UILaunchScreen_Generation = YES;
				INFOPLIST_KEY_UISupportedInterfaceOrientations_iPad = "UIInterfaceOrientationPortrait UIInterfaceOrientationPortraitUpsideDown UIInterfaceOrientationLandscapeLeft UIInterfaceOrientationLandscapeRight";
				INFOPLIST_KEY_UISupportedInterfaceOrientations_iPhone = "UIInterfaceOrientationPortrait UIInterfaceOrientationLandscapeLeft UIInterfaceOrientationLandscapeRight";
				LD_RUNPATH_SEARCH_PATHS = (
					"$(inherited)",
					"@executable_path/Frameworks",
				);
				MARKETING_VERSION = 1.0;
				PRODUCT_BUNDLE_IDENTIFIER = "com.example.apple-samplecode.Scrumdinger";
				PRODUCT_NAME = "$(TARGET_NAME)";
				SWIFT_EMIT_LOC_STRINGS = YES;
				SWIFT_VERSION = 5.0;
				TARGETED_DEVICE_FAMILY = "1,2";
			};
			name = Debug;
		};
		416E7AD328AC62C4009C4CA1 /* Release */ = {
			isa = XCBuildConfiguration;
			buildSettings = {
				ASSETCATALOG_COMPILER_APPICON_NAME = AppIcon;
				ASSETCATALOG_COMPILER_GLOBAL_ACCENT_COLOR_NAME = AccentColor;
				CODE_SIGN_STYLE = Automatic;
				CURRENT_PROJECT_VERSION = 1;
				DEVELOPMENT_ASSET_PATHS = "\"Scrumdinger/Preview Content\"";
				ENABLE_PREVIEWS = YES;
				GENERATE_INFOPLIST_FILE = YES;
				INFOPLIST_KEY_UIApplicationSceneManifest_Generation = YES;
				INFOPLIST_KEY_UIApplicationSupportsIndirectInputEvents = YES;
				INFOPLIST_KEY_UILaunchScreen_Generation = YES;
				INFOPLIST_KEY_UISupportedInterfaceOrientations_iPad = "UIInterfaceOrientationPortrait UIInterfaceOrientationPortraitUpsideDown UIInterfaceOrientationLandscapeLeft UIInterfaceOrientationLandscapeRight";
				INFOPLIST_KEY_UISupportedInterfaceOrientations_iPhone = "UIInterfaceOrientationPortrait UIInterfaceOrientationLandscapeLeft UIInterfaceOrientationLandscapeRight";
				LD_RUNPATH_SEARCH_PATHS = (
					"$(inherited)",
					"@executable_path/Frameworks",
				);
				MARKETING_VERSION = 1.0;
				PRODUCT_BUNDLE_IDENTIFIER = "com.example.apple-samplecode.Scrumdinger";
				PRODUCT_NAME = "$(TARGET_NAME)";
				SWIFT_EMIT_LOC_STRINGS = YES;
				SWIFT_VERSION = 5.0;
				TARGETED_DEVICE_FAMILY = "1,2";
			};
			name = Release;
		};
/* End XCBuildConfiguration section */

/* Begin XCConfigurationList section */
		416E7ABE28AC62BE009C4CA1 /* Build configuration list for PBXProject "Scrumdinger" */ = {
			isa = XCConfigurationList;
			buildConfigurations = (
				416E7ACF28AC62C4009C4CA1 /* Debug */,
				416E7AD028AC62C4009C4CA1 /* Release */,
			);
			defaultConfigurationIsVisible = 0;
			defaultConfigurationName = Release;
		};
		416E7AD128AC62C4009C4CA1 /* Build configuration list for PBXNativeTarget "Scrumdinger" */ = {
			isa = XCConfigurationList;
			buildConfigurations = (
				416E7AD228AC62C4009C4CA1 /* Debug */,
				416E7AD328AC62C4009C4CA1 /* Release */,
			);
			defaultConfigurationIsVisible = 0;
			defaultConfigurationName = Release;
		};
/* End XCConfigurationList section */
	};
	rootObject = 416E7ABB28AC62BE009C4CA1 /* Project object */;
}
